// !$*UTF8*$!
{
	archiveVersion = 1;
	classes = {
	};
	objectVersion = 46;
	objects = {

/* Begin PBXBuildFile section */
		090604701B140A5E0038BAC4 /* FeedBackVC.m in Sources */ = {isa = PBXBuildFile; fileRef = 0906046E1B140A5E0038BAC4 /* FeedBackVC.m */; };
		090604711B140A5E0038BAC4 /* FeedBackVC.xib in Resources */ = {isa = PBXBuildFile; fileRef = 0906046F1B140A5E0038BAC4 /* FeedBackVC.xib */; };
		090604751B14174F0038BAC4 /* MoreSettingVC.m in Sources */ = {isa = PBXBuildFile; fileRef = 090604741B14174F0038BAC4 /* MoreSettingVC.m */; };
		090604781B1420FD0038BAC4 /* UserProblemsVC.m in Sources */ = {isa = PBXBuildFile; fileRef = 090604771B1420FD0038BAC4 /* UserProblemsVC.m */; };
		0906047B1B14218A0038BAC4 /* UserProtocolVC.m in Sources */ = {isa = PBXBuildFile; fileRef = 0906047A1B14218A0038BAC4 /* UserProtocolVC.m */; };
		0906047E1B1421B60038BAC4 /* AboutVC.m in Sources */ = {isa = PBXBuildFile; fileRef = 0906047D1B1421B60038BAC4 /* AboutVC.m */; };
		090604841B146B050038BAC4 /* CountdownButton.m in Sources */ = {isa = PBXBuildFile; fileRef = 090604831B146B050038BAC4 /* CountdownButton.m */; };
		097990681B17006600D4A8DC /* ResetPassWordVC.m in Sources */ = {isa = PBXBuildFile; fileRef = 097990661B17006600D4A8DC /* ResetPassWordVC.m */; };
		097990691B17006600D4A8DC /* ResetPassWordVC.xib in Resources */ = {isa = PBXBuildFile; fileRef = 097990671B17006600D4A8DC /* ResetPassWordVC.xib */; };
		0979906D1B1712D800D4A8DC /* ChangePassWordVC.m in Sources */ = {isa = PBXBuildFile; fileRef = 0979906B1B1712D800D4A8DC /* ChangePassWordVC.m */; };
		0979906E1B1712D800D4A8DC /* ChangePassWordVC.xib in Resources */ = {isa = PBXBuildFile; fileRef = 0979906C1B1712D800D4A8DC /* ChangePassWordVC.xib */; };
		09CBFE8E1B1572FD000C401D /* PersonInfoVC.m in Sources */ = {isa = PBXBuildFile; fileRef = 09CBFE8D1B1572FD000C401D /* PersonInfoVC.m */; };
		09CBFE911B157418000C401D /* PersonImageTVC.m in Sources */ = {isa = PBXBuildFile; fileRef = 09CBFE901B157417000C401D /* PersonImageTVC.m */; };
		09D450AE1B10786800B39B4A /* MyAccountTVC.m in Sources */ = {isa = PBXBuildFile; fileRef = 09D450AD1B10786800B39B4A /* MyAccountTVC.m */; };
		09D450B11B1078AB00B39B4A /* BaseTVC.m in Sources */ = {isa = PBXBuildFile; fileRef = 09D450B01B1078AB00B39B4A /* BaseTVC.m */; };
		09DB2DB41B1312F80078AAF5 /* PhoneLoginVC.m in Sources */ = {isa = PBXBuildFile; fileRef = 09DB2DB21B1312F80078AAF5 /* PhoneLoginVC.m */; };
		09DB2DB51B1312F80078AAF5 /* PhoneLoginVC.xib in Resources */ = {isa = PBXBuildFile; fileRef = 09DB2DB31B1312F80078AAF5 /* PhoneLoginVC.xib */; };
		09DB2DB91B1322800078AAF5 /* nav_back.png in Resources */ = {isa = PBXBuildFile; fileRef = 09DB2DB71B1322800078AAF5 /* nav_back.png */; };
		09DB2DBA1B1322800078AAF5 /* s_phone.png in Resources */ = {isa = PBXBuildFile; fileRef = 09DB2DB81B1322800078AAF5 /* s_phone.png */; };
		09DB2DBE1B13228B0078AAF5 /* join_05.png in Resources */ = {isa = PBXBuildFile; fileRef = 09DB2DBC1B13228B0078AAF5 /* join_05.png */; };
		09DB2DBF1B13228B0078AAF5 /* join_06.png in Resources */ = {isa = PBXBuildFile; fileRef = 09DB2DBD1B13228B0078AAF5 /* join_06.png */; };
		09DB2DC31B1322980078AAF5 /* icon_time.png in Resources */ = {isa = PBXBuildFile; fileRef = 09DB2DC11B1322980078AAF5 /* icon_time.png */; };
		09DB2DC41B1322980078AAF5 /* join_07.png in Resources */ = {isa = PBXBuildFile; fileRef = 09DB2DC21B1322980078AAF5 /* join_07.png */; };
		09DB2DC81B1322A30078AAF5 /* mybgpic@2x.png in Resources */ = {isa = PBXBuildFile; fileRef = 09DB2DC61B1322A30078AAF5 /* mybgpic@2x.png */; };
		09DB2DC91B1322A30078AAF5 /* people_ayb.png in Resources */ = {isa = PBXBuildFile; fileRef = 09DB2DC71B1322A30078AAF5 /* people_ayb.png */; };
		09DB2DCD1B1322AF0078AAF5 /* accountDetail03@2x.png in Resources */ = {isa = PBXBuildFile; fileRef = 09DB2DCB1B1322AF0078AAF5 /* accountDetail03@2x.png */; };
		09DB2DCE1B1322AF0078AAF5 /* accountDetail04@2x.png in Resources */ = {isa = PBXBuildFile; fileRef = 09DB2DCC1B1322AF0078AAF5 /* accountDetail04@2x.png */; };
		09DB2DD21B1322CC0078AAF5 /* star_select.png in Resources */ = {isa = PBXBuildFile; fileRef = 09DB2DD01B1322CC0078AAF5 /* star_select.png */; };
		09DB2DD31B1322CC0078AAF5 /* yue.png in Resources */ = {isa = PBXBuildFile; fileRef = 09DB2DD11B1322CC0078AAF5 /* yue.png */; };
		A6284CCF1B10592100EFF820 /* main.m in Sources */ = {isa = PBXBuildFile; fileRef = A6284CCE1B10592100EFF820 /* main.m */; };
		A6284CD21B10592100EFF820 /* AppDelegate.m in Sources */ = {isa = PBXBuildFile; fileRef = A6284CD11B10592100EFF820 /* AppDelegate.m */; };
		A6284CD81B10592100EFF820 /* Main.storyboard in Resources */ = {isa = PBXBuildFile; fileRef = A6284CD61B10592100EFF820 /* Main.storyboard */; };
		A6284CDA1B10592100EFF820 /* Images.xcassets in Resources */ = {isa = PBXBuildFile; fileRef = A6284CD91B10592100EFF820 /* Images.xcassets */; };
		A6284CE91B10592100EFF820 /* XEEnglishTests.m in Sources */ = {isa = PBXBuildFile; fileRef = A6284CE81B10592100EFF820 /* XEEnglishTests.m */; };
		A6284D451B105E5600EFF820 /* AFHTTPRequestOperation.m in Sources */ = {isa = PBXBuildFile; fileRef = A6284CFD1B105E5600EFF820 /* AFHTTPRequestOperation.m */; };
		A6284D461B105E5600EFF820 /* AFHTTPRequestOperationManager.m in Sources */ = {isa = PBXBuildFile; fileRef = A6284CFF1B105E5600EFF820 /* AFHTTPRequestOperationManager.m */; };
		A6284D471B105E5600EFF820 /* AFHTTPSessionManager.m in Sources */ = {isa = PBXBuildFile; fileRef = A6284D011B105E5600EFF820 /* AFHTTPSessionManager.m */; };
		A6284D481B105E5600EFF820 /* AFNetworkReachabilityManager.m in Sources */ = {isa = PBXBuildFile; fileRef = A6284D041B105E5600EFF820 /* AFNetworkReachabilityManager.m */; };
		A6284D491B105E5600EFF820 /* AFSecurityPolicy.m in Sources */ = {isa = PBXBuildFile; fileRef = A6284D061B105E5600EFF820 /* AFSecurityPolicy.m */; };
		A6284D4A1B105E5600EFF820 /* AFURLConnectionOperation.m in Sources */ = {isa = PBXBuildFile; fileRef = A6284D081B105E5600EFF820 /* AFURLConnectionOperation.m */; };
		A6284D4B1B105E5600EFF820 /* AFURLRequestSerialization.m in Sources */ = {isa = PBXBuildFile; fileRef = A6284D0A1B105E5600EFF820 /* AFURLRequestSerialization.m */; };
		A6284D4C1B105E5600EFF820 /* AFURLResponseSerialization.m in Sources */ = {isa = PBXBuildFile; fileRef = A6284D0C1B105E5600EFF820 /* AFURLResponseSerialization.m */; };
		A6284D4D1B105E5600EFF820 /* AFURLSessionManager.m in Sources */ = {isa = PBXBuildFile; fileRef = A6284D0E1B105E5600EFF820 /* AFURLSessionManager.m */; };
		A6284D4E1B105E5600EFF820 /* DDXMLElementAdditions.m in Sources */ = {isa = PBXBuildFile; fileRef = A6284D121B105E5600EFF820 /* DDXMLElementAdditions.m */; };
		A6284D4F1B105E5600EFF820 /* NSString+DDXML.m in Sources */ = {isa = PBXBuildFile; fileRef = A6284D151B105E5600EFF820 /* NSString+DDXML.m */; };
		A6284D501B105E5600EFF820 /* DDXMLDocument.m in Sources */ = {isa = PBXBuildFile; fileRef = A6284D181B105E5600EFF820 /* DDXMLDocument.m */; };
		A6284D511B105E5600EFF820 /* DDXMLElement.m in Sources */ = {isa = PBXBuildFile; fileRef = A6284D1A1B105E5600EFF820 /* DDXMLElement.m */; };
		A6284D521B105E5600EFF820 /* DDXMLNode.m in Sources */ = {isa = PBXBuildFile; fileRef = A6284D1C1B105E5600EFF820 /* DDXMLNode.m */; };
		A6284D531B105E5600EFF820 /* MBProgressHUD.m in Sources */ = {isa = PBXBuildFile; fileRef = A6284D211B105E5600EFF820 /* MBProgressHUD.m */; };
		A6284D541B105E5600EFF820 /* MJRefresh.bundle in Resources */ = {isa = PBXBuildFile; fileRef = A6284D231B105E5600EFF820 /* MJRefresh.bundle */; };
		A6284D551B105E5600EFF820 /* MJRefreshBaseView.m in Sources */ = {isa = PBXBuildFile; fileRef = A6284D261B105E5600EFF820 /* MJRefreshBaseView.m */; };
		A6284D561B105E5600EFF820 /* MJRefreshConst.m in Sources */ = {isa = PBXBuildFile; fileRef = A6284D281B105E5600EFF820 /* MJRefreshConst.m */; };
		A6284D571B105E5600EFF820 /* MJRefreshFooterView.m in Sources */ = {isa = PBXBuildFile; fileRef = A6284D2A1B105E5600EFF820 /* MJRefreshFooterView.m */; };
		A6284D581B105E5600EFF820 /* MJRefreshHeaderView.m in Sources */ = {isa = PBXBuildFile; fileRef = A6284D2C1B105E5600EFF820 /* MJRefreshHeaderView.m */; };
		A6284D591B105E5600EFF820 /* UIScrollView+MJExtension.m in Sources */ = {isa = PBXBuildFile; fileRef = A6284D2E1B105E5600EFF820 /* UIScrollView+MJExtension.m */; };
		A6284D5A1B105E5600EFF820 /* UIScrollView+MJRefresh.m in Sources */ = {isa = PBXBuildFile; fileRef = A6284D301B105E5600EFF820 /* UIScrollView+MJRefresh.m */; };
		A6284D5B1B105E5600EFF820 /* UIView+MJExtension.m in Sources */ = {isa = PBXBuildFile; fileRef = A6284D321B105E5600EFF820 /* UIView+MJExtension.m */; };
		A6284D5C1B105E5600EFF820 /* AFNetworkActivityIndicatorManager.m in Sources */ = {isa = PBXBuildFile; fileRef = A6284D351B105E5600EFF820 /* AFNetworkActivityIndicatorManager.m */; };
		A6284D5D1B105E5600EFF820 /* UIActivityIndicatorView+AFNetworking.m in Sources */ = {isa = PBXBuildFile; fileRef = A6284D371B105E5600EFF820 /* UIActivityIndicatorView+AFNetworking.m */; };
		A6284D5E1B105E5600EFF820 /* UIAlertView+AFNetworking.m in Sources */ = {isa = PBXBuildFile; fileRef = A6284D391B105E5600EFF820 /* UIAlertView+AFNetworking.m */; };
		A6284D5F1B105E5600EFF820 /* UIButton+AFNetworking.m in Sources */ = {isa = PBXBuildFile; fileRef = A6284D3B1B105E5600EFF820 /* UIButton+AFNetworking.m */; };
		A6284D601B105E5600EFF820 /* UIImageView+AFNetworking.m in Sources */ = {isa = PBXBuildFile; fileRef = A6284D3D1B105E5600EFF820 /* UIImageView+AFNetworking.m */; };
		A6284D611B105E5600EFF820 /* UIProgressView+AFNetworking.m in Sources */ = {isa = PBXBuildFile; fileRef = A6284D401B105E5600EFF820 /* UIProgressView+AFNetworking.m */; };
		A6284D621B105E5600EFF820 /* UIRefreshControl+AFNetworking.m in Sources */ = {isa = PBXBuildFile; fileRef = A6284D421B105E5600EFF820 /* UIRefreshControl+AFNetworking.m */; };
		A6284D631B105E5600EFF820 /* UIWebView+AFNetworking.m in Sources */ = {isa = PBXBuildFile; fileRef = A6284D441B105E5600EFF820 /* UIWebView+AFNetworking.m */; };
		A6284D6D1B105E6600EFF820 /* BaseVC.m in Sources */ = {isa = PBXBuildFile; fileRef = A6284D661B105E6600EFF820 /* BaseVC.m */; };
		A6284D761B105F0100EFF820 /* libxml2.dylib in Frameworks */ = {isa = PBXBuildFile; fileRef = A6284D751B105F0100EFF820 /* libxml2.dylib */; };
		A6284D791B105F9500EFF820 /* UIFactory.m in Sources */ = {isa = PBXBuildFile; fileRef = A6284D781B105F9500EFF820 /* UIFactory.m */; };
		A6284D7C1B10615200EFF820 /* nav_backButtonBg.png in Resources */ = {isa = PBXBuildFile; fileRef = A6284D7B1B10615200EFF820 /* nav_backButtonBg.png */; };
		A6284D891B10652700EFF820 /* tab_home@2x.png in Resources */ = {isa = PBXBuildFile; fileRef = A6284D851B10652700EFF820 /* tab_home@2x.png */; };
		A6284D8A1B10652700EFF820 /* tab_activity@2x.png in Resources */ = {isa = PBXBuildFile; fileRef = A6284D861B10652700EFF820 /* tab_activity@2x.png */; };
		A6284D8B1B10652700EFF820 /* tab_course@2x.png in Resources */ = {isa = PBXBuildFile; fileRef = A6284D871B10652700EFF820 /* tab_course@2x.png */; };
		A6284D8C1B10652700EFF820 /* tab_setting@2x.png in Resources */ = {isa = PBXBuildFile; fileRef = A6284D881B10652700EFF820 /* tab_setting@2x.png */; };
		A6284D8F1B10668300EFF820 /* HomeVC.m in Sources */ = {isa = PBXBuildFile; fileRef = A6284D8E1B10668300EFF820 /* HomeVC.m */; };
		A6284D921B10669200EFF820 /* CourseVC.m in Sources */ = {isa = PBXBuildFile; fileRef = A6284D911B10669200EFF820 /* CourseVC.m */; };
		A6284D951B1066CC00EFF820 /* ActivityVC.m in Sources */ = {isa = PBXBuildFile; fileRef = A6284D941B1066CC00EFF820 /* ActivityVC.m */; };
		A6284D981B1066DE00EFF820 /* SettingVC.m in Sources */ = {isa = PBXBuildFile; fileRef = A6284D971B1066DE00EFF820 /* SettingVC.m */; };
		A6284D9C1B1067C100EFF820 /* LoginVC.m in Sources */ = {isa = PBXBuildFile; fileRef = A6284D9A1B1067C100EFF820 /* LoginVC.m */; };
		A6284D9D1B1067C100EFF820 /* LoginVC.xib in Resources */ = {isa = PBXBuildFile; fileRef = A6284D9B1B1067C100EFF820 /* LoginVC.xib */; };
/* End PBXBuildFile section */

/* Begin PBXContainerItemProxy section */
		A6284CE31B10592100EFF820 /* PBXContainerItemProxy */ = {
			isa = PBXContainerItemProxy;
			containerPortal = A6284CC11B10592100EFF820 /* Project object */;
			proxyType = 1;
			remoteGlobalIDString = A6284CC81B10592100EFF820;
			remoteInfo = XEEnglish;
		};
/* End PBXContainerItemProxy section */

/* Begin PBXFileReference section */
		0906046D1B140A5E0038BAC4 /* FeedBackVC.h */ = {isa = PBXFileReference; fileEncoding = 4; lastKnownFileType = sourcecode.c.h; path = FeedBackVC.h; sourceTree = "<group>"; };
		0906046E1B140A5E0038BAC4 /* FeedBackVC.m */ = {isa = PBXFileReference; fileEncoding = 4; lastKnownFileType = sourcecode.c.objc; path = FeedBackVC.m; sourceTree = "<group>"; };
		0906046F1B140A5E0038BAC4 /* FeedBackVC.xib */ = {isa = PBXFileReference; fileEncoding = 4; lastKnownFileType = file.xib; path = FeedBackVC.xib; sourceTree = "<group>"; };
		090604731B14174F0038BAC4 /* MoreSettingVC.h */ = {isa = PBXFileReference; fileEncoding = 4; lastKnownFileType = sourcecode.c.h; path = MoreSettingVC.h; sourceTree = "<group>"; };
		090604741B14174F0038BAC4 /* MoreSettingVC.m */ = {isa = PBXFileReference; fileEncoding = 4; lastKnownFileType = sourcecode.c.objc; path = MoreSettingVC.m; sourceTree = "<group>"; };
		090604761B1420FD0038BAC4 /* UserProblemsVC.h */ = {isa = PBXFileReference; fileEncoding = 4; lastKnownFileType = sourcecode.c.h; path = UserProblemsVC.h; sourceTree = "<group>"; };
		090604771B1420FD0038BAC4 /* UserProblemsVC.m */ = {isa = PBXFileReference; fileEncoding = 4; lastKnownFileType = sourcecode.c.objc; path = UserProblemsVC.m; sourceTree = "<group>"; };
		090604791B14218A0038BAC4 /* UserProtocolVC.h */ = {isa = PBXFileReference; fileEncoding = 4; lastKnownFileType = sourcecode.c.h; path = UserProtocolVC.h; sourceTree = "<group>"; };
		0906047A1B14218A0038BAC4 /* UserProtocolVC.m */ = {isa = PBXFileReference; fileEncoding = 4; lastKnownFileType = sourcecode.c.objc; path = UserProtocolVC.m; sourceTree = "<group>"; };
		0906047C1B1421B60038BAC4 /* AboutVC.h */ = {isa = PBXFileReference; fileEncoding = 4; lastKnownFileType = sourcecode.c.h; path = AboutVC.h; sourceTree = "<group>"; };
		0906047D1B1421B60038BAC4 /* AboutVC.m */ = {isa = PBXFileReference; fileEncoding = 4; lastKnownFileType = sourcecode.c.objc; path = AboutVC.m; sourceTree = "<group>"; };
		090604821B146B050038BAC4 /* CountdownButton.h */ = {isa = PBXFileReference; fileEncoding = 4; lastKnownFileType = sourcecode.c.h; path = CountdownButton.h; sourceTree = "<group>"; };
		090604831B146B050038BAC4 /* CountdownButton.m */ = {isa = PBXFileReference; fileEncoding = 4; lastKnownFileType = sourcecode.c.objc; path = CountdownButton.m; sourceTree = "<group>"; };
		097990651B17006600D4A8DC /* ResetPassWordVC.h */ = {isa = PBXFileReference; fileEncoding = 4; lastKnownFileType = sourcecode.c.h; path = ResetPassWordVC.h; sourceTree = "<group>"; };
		097990661B17006600D4A8DC /* ResetPassWordVC.m */ = {isa = PBXFileReference; fileEncoding = 4; lastKnownFileType = sourcecode.c.objc; path = ResetPassWordVC.m; sourceTree = "<group>"; };
		097990671B17006600D4A8DC /* ResetPassWordVC.xib */ = {isa = PBXFileReference; fileEncoding = 4; lastKnownFileType = file.xib; path = ResetPassWordVC.xib; sourceTree = "<group>"; };
		0979906A1B1712D800D4A8DC /* ChangePassWordVC.h */ = {isa = PBXFileReference; fileEncoding = 4; lastKnownFileType = sourcecode.c.h; path = ChangePassWordVC.h; sourceTree = "<group>"; };
		0979906B1B1712D800D4A8DC /* ChangePassWordVC.m */ = {isa = PBXFileReference; fileEncoding = 4; lastKnownFileType = sourcecode.c.objc; path = ChangePassWordVC.m; sourceTree = "<group>"; };
		0979906C1B1712D800D4A8DC /* ChangePassWordVC.xib */ = {isa = PBXFileReference; fileEncoding = 4; lastKnownFileType = file.xib; path = ChangePassWordVC.xib; sourceTree = "<group>"; };
		09CBFE8C1B1572FD000C401D /* PersonInfoVC.h */ = {isa = PBXFileReference; fileEncoding = 4; lastKnownFileType = sourcecode.c.h; path = PersonInfoVC.h; sourceTree = "<group>"; };
		09CBFE8D1B1572FD000C401D /* PersonInfoVC.m */ = {isa = PBXFileReference; fileEncoding = 4; lastKnownFileType = sourcecode.c.objc; path = PersonInfoVC.m; sourceTree = "<group>"; };
		09CBFE8F1B157417000C401D /* PersonImageTVC.h */ = {isa = PBXFileReference; fileEncoding = 4; lastKnownFileType = sourcecode.c.h; path = PersonImageTVC.h; sourceTree = "<group>"; };
		09CBFE901B157417000C401D /* PersonImageTVC.m */ = {isa = PBXFileReference; fileEncoding = 4; lastKnownFileType = sourcecode.c.objc; path = PersonImageTVC.m; sourceTree = "<group>"; };
		09D450AC1B10786800B39B4A /* MyAccountTVC.h */ = {isa = PBXFileReference; fileEncoding = 4; lastKnownFileType = sourcecode.c.h; path = MyAccountTVC.h; sourceTree = "<group>"; };
		09D450AD1B10786800B39B4A /* MyAccountTVC.m */ = {isa = PBXFileReference; fileEncoding = 4; lastKnownFileType = sourcecode.c.objc; path = MyAccountTVC.m; sourceTree = "<group>"; };
		09D450AF1B1078AB00B39B4A /* BaseTVC.h */ = {isa = PBXFileReference; fileEncoding = 4; lastKnownFileType = sourcecode.c.h; path = BaseTVC.h; sourceTree = "<group>"; };
		09D450B01B1078AB00B39B4A /* BaseTVC.m */ = {isa = PBXFileReference; fileEncoding = 4; lastKnownFileType = sourcecode.c.objc; path = BaseTVC.m; sourceTree = "<group>"; };
		09DB2DB11B1312F80078AAF5 /* PhoneLoginVC.h */ = {isa = PBXFileReference; fileEncoding = 4; lastKnownFileType = sourcecode.c.h; path = PhoneLoginVC.h; sourceTree = "<group>"; };
		09DB2DB21B1312F80078AAF5 /* PhoneLoginVC.m */ = {isa = PBXFileReference; fileEncoding = 4; lastKnownFileType = sourcecode.c.objc; path = PhoneLoginVC.m; sourceTree = "<group>"; };
		09DB2DB31B1312F80078AAF5 /* PhoneLoginVC.xib */ = {isa = PBXFileReference; fileEncoding = 4; lastKnownFileType = file.xib; path = PhoneLoginVC.xib; sourceTree = "<group>"; };
		09DB2DB71B1322800078AAF5 /* nav_back.png */ = {isa = PBXFileReference; lastKnownFileType = image.png; path = nav_back.png; sourceTree = "<group>"; };
		09DB2DB81B1322800078AAF5 /* s_phone.png */ = {isa = PBXFileReference; lastKnownFileType = image.png; path = s_phone.png; sourceTree = "<group>"; };
		09DB2DBC1B13228B0078AAF5 /* join_05.png */ = {isa = PBXFileReference; lastKnownFileType = image.png; path = join_05.png; sourceTree = "<group>"; };
		09DB2DBD1B13228B0078AAF5 /* join_06.png */ = {isa = PBXFileReference; lastKnownFileType = image.png; path = join_06.png; sourceTree = "<group>"; };
		09DB2DC11B1322980078AAF5 /* icon_time.png */ = {isa = PBXFileReference; lastKnownFileType = image.png; path = icon_time.png; sourceTree = "<group>"; };
		09DB2DC21B1322980078AAF5 /* join_07.png */ = {isa = PBXFileReference; lastKnownFileType = image.png; path = join_07.png; sourceTree = "<group>"; };
		09DB2DC61B1322A30078AAF5 /* mybgpic@2x.png */ = {isa = PBXFileReference; lastKnownFileType = image.png; path = "mybgpic@2x.png"; sourceTree = "<group>"; };
		09DB2DC71B1322A30078AAF5 /* people_ayb.png */ = {isa = PBXFileReference; lastKnownFileType = image.png; path = people_ayb.png; sourceTree = "<group>"; };
		09DB2DCB1B1322AF0078AAF5 /* accountDetail03@2x.png */ = {isa = PBXFileReference; lastKnownFileType = image.png; path = "accountDetail03@2x.png"; sourceTree = "<group>"; };
		09DB2DCC1B1322AF0078AAF5 /* accountDetail04@2x.png */ = {isa = PBXFileReference; lastKnownFileType = image.png; path = "accountDetail04@2x.png"; sourceTree = "<group>"; };
		09DB2DD01B1322CC0078AAF5 /* star_select.png */ = {isa = PBXFileReference; lastKnownFileType = image.png; path = star_select.png; sourceTree = "<group>"; };
		09DB2DD11B1322CC0078AAF5 /* yue.png */ = {isa = PBXFileReference; lastKnownFileType = image.png; path = yue.png; sourceTree = "<group>"; };
		A6284CC91B10592100EFF820 /* XEEnglish.app */ = {isa = PBXFileReference; explicitFileType = wrapper.application; includeInIndex = 0; path = XEEnglish.app; sourceTree = BUILT_PRODUCTS_DIR; };
		A6284CCD1B10592100EFF820 /* Info.plist */ = {isa = PBXFileReference; lastKnownFileType = text.plist.xml; path = Info.plist; sourceTree = "<group>"; };
		A6284CCE1B10592100EFF820 /* main.m */ = {isa = PBXFileReference; lastKnownFileType = sourcecode.c.objc; path = main.m; sourceTree = "<group>"; };
		A6284CD01B10592100EFF820 /* AppDelegate.h */ = {isa = PBXFileReference; lastKnownFileType = sourcecode.c.h; path = AppDelegate.h; sourceTree = "<group>"; };
		A6284CD11B10592100EFF820 /* AppDelegate.m */ = {isa = PBXFileReference; lastKnownFileType = sourcecode.c.objc; path = AppDelegate.m; sourceTree = "<group>"; };
		A6284CD71B10592100EFF820 /* Base */ = {isa = PBXFileReference; lastKnownFileType = file.storyboard; name = Base; path = Base.lproj/Main.storyboard; sourceTree = "<group>"; };
		A6284CD91B10592100EFF820 /* Images.xcassets */ = {isa = PBXFileReference; lastKnownFileType = folder.assetcatalog; path = Images.xcassets; sourceTree = "<group>"; };
		A6284CE21B10592100EFF820 /* XEEnglishTests.xctest */ = {isa = PBXFileReference; explicitFileType = wrapper.cfbundle; includeInIndex = 0; path = XEEnglishTests.xctest; sourceTree = BUILT_PRODUCTS_DIR; };
		A6284CE71B10592100EFF820 /* Info.plist */ = {isa = PBXFileReference; lastKnownFileType = text.plist.xml; path = Info.plist; sourceTree = "<group>"; };
		A6284CE81B10592100EFF820 /* XEEnglishTests.m */ = {isa = PBXFileReference; lastKnownFileType = sourcecode.c.objc; path = XEEnglishTests.m; sourceTree = "<group>"; };
		A6284CF31B105E5600EFF820 /* AppConfig.h */ = {isa = PBXFileReference; fileEncoding = 4; lastKnownFileType = sourcecode.c.h; path = AppConfig.h; sourceTree = "<group>"; };
		A6284CF41B105E5600EFF820 /* AppCore.h */ = {isa = PBXFileReference; fileEncoding = 4; lastKnownFileType = sourcecode.c.h; path = AppCore.h; sourceTree = "<group>"; };
		A6284CF51B105E5600EFF820 /* AppMacros.h */ = {isa = PBXFileReference; fileEncoding = 4; lastKnownFileType = sourcecode.c.h; path = AppMacros.h; sourceTree = "<group>"; };
		A6284CFC1B105E5600EFF820 /* AFHTTPRequestOperation.h */ = {isa = PBXFileReference; fileEncoding = 4; lastKnownFileType = sourcecode.c.h; path = AFHTTPRequestOperation.h; sourceTree = "<group>"; };
		A6284CFD1B105E5600EFF820 /* AFHTTPRequestOperation.m */ = {isa = PBXFileReference; fileEncoding = 4; lastKnownFileType = sourcecode.c.objc; path = AFHTTPRequestOperation.m; sourceTree = "<group>"; };
		A6284CFE1B105E5600EFF820 /* AFHTTPRequestOperationManager.h */ = {isa = PBXFileReference; fileEncoding = 4; lastKnownFileType = sourcecode.c.h; path = AFHTTPRequestOperationManager.h; sourceTree = "<group>"; };
		A6284CFF1B105E5600EFF820 /* AFHTTPRequestOperationManager.m */ = {isa = PBXFileReference; fileEncoding = 4; lastKnownFileType = sourcecode.c.objc; path = AFHTTPRequestOperationManager.m; sourceTree = "<group>"; };
		A6284D001B105E5600EFF820 /* AFHTTPSessionManager.h */ = {isa = PBXFileReference; fileEncoding = 4; lastKnownFileType = sourcecode.c.h; path = AFHTTPSessionManager.h; sourceTree = "<group>"; };
		A6284D011B105E5600EFF820 /* AFHTTPSessionManager.m */ = {isa = PBXFileReference; fileEncoding = 4; lastKnownFileType = sourcecode.c.objc; path = AFHTTPSessionManager.m; sourceTree = "<group>"; };
		A6284D021B105E5600EFF820 /* AFNetworking.h */ = {isa = PBXFileReference; fileEncoding = 4; lastKnownFileType = sourcecode.c.h; path = AFNetworking.h; sourceTree = "<group>"; };
		A6284D031B105E5600EFF820 /* AFNetworkReachabilityManager.h */ = {isa = PBXFileReference; fileEncoding = 4; lastKnownFileType = sourcecode.c.h; path = AFNetworkReachabilityManager.h; sourceTree = "<group>"; };
		A6284D041B105E5600EFF820 /* AFNetworkReachabilityManager.m */ = {isa = PBXFileReference; fileEncoding = 4; lastKnownFileType = sourcecode.c.objc; path = AFNetworkReachabilityManager.m; sourceTree = "<group>"; };
		A6284D051B105E5600EFF820 /* AFSecurityPolicy.h */ = {isa = PBXFileReference; fileEncoding = 4; lastKnownFileType = sourcecode.c.h; path = AFSecurityPolicy.h; sourceTree = "<group>"; };
		A6284D061B105E5600EFF820 /* AFSecurityPolicy.m */ = {isa = PBXFileReference; fileEncoding = 4; lastKnownFileType = sourcecode.c.objc; path = AFSecurityPolicy.m; sourceTree = "<group>"; };
		A6284D071B105E5600EFF820 /* AFURLConnectionOperation.h */ = {isa = PBXFileReference; fileEncoding = 4; lastKnownFileType = sourcecode.c.h; path = AFURLConnectionOperation.h; sourceTree = "<group>"; };
		A6284D081B105E5600EFF820 /* AFURLConnectionOperation.m */ = {isa = PBXFileReference; fileEncoding = 4; lastKnownFileType = sourcecode.c.objc; path = AFURLConnectionOperation.m; sourceTree = "<group>"; };
		A6284D091B105E5600EFF820 /* AFURLRequestSerialization.h */ = {isa = PBXFileReference; fileEncoding = 4; lastKnownFileType = sourcecode.c.h; path = AFURLRequestSerialization.h; sourceTree = "<group>"; };
		A6284D0A1B105E5600EFF820 /* AFURLRequestSerialization.m */ = {isa = PBXFileReference; fileEncoding = 4; lastKnownFileType = sourcecode.c.objc; path = AFURLRequestSerialization.m; sourceTree = "<group>"; };
		A6284D0B1B105E5600EFF820 /* AFURLResponseSerialization.h */ = {isa = PBXFileReference; fileEncoding = 4; lastKnownFileType = sourcecode.c.h; path = AFURLResponseSerialization.h; sourceTree = "<group>"; };
		A6284D0C1B105E5600EFF820 /* AFURLResponseSerialization.m */ = {isa = PBXFileReference; fileEncoding = 4; lastKnownFileType = sourcecode.c.objc; path = AFURLResponseSerialization.m; sourceTree = "<group>"; };
		A6284D0D1B105E5600EFF820 /* AFURLSessionManager.h */ = {isa = PBXFileReference; fileEncoding = 4; lastKnownFileType = sourcecode.c.h; path = AFURLSessionManager.h; sourceTree = "<group>"; };
		A6284D0E1B105E5600EFF820 /* AFURLSessionManager.m */ = {isa = PBXFileReference; fileEncoding = 4; lastKnownFileType = sourcecode.c.objc; path = AFURLSessionManager.m; sourceTree = "<group>"; };
		A6284D111B105E5600EFF820 /* DDXMLElementAdditions.h */ = {isa = PBXFileReference; fileEncoding = 4; lastKnownFileType = sourcecode.c.h; path = DDXMLElementAdditions.h; sourceTree = "<group>"; };
		A6284D121B105E5600EFF820 /* DDXMLElementAdditions.m */ = {isa = PBXFileReference; fileEncoding = 4; lastKnownFileType = sourcecode.c.objc; path = DDXMLElementAdditions.m; sourceTree = "<group>"; };
		A6284D141B105E5600EFF820 /* NSString+DDXML.h */ = {isa = PBXFileReference; fileEncoding = 4; lastKnownFileType = sourcecode.c.h; path = "NSString+DDXML.h"; sourceTree = "<group>"; };
		A6284D151B105E5600EFF820 /* NSString+DDXML.m */ = {isa = PBXFileReference; fileEncoding = 4; lastKnownFileType = sourcecode.c.objc; path = "NSString+DDXML.m"; sourceTree = "<group>"; };
		A6284D161B105E5600EFF820 /* DDXML.h */ = {isa = PBXFileReference; fileEncoding = 4; lastKnownFileType = sourcecode.c.h; path = DDXML.h; sourceTree = "<group>"; };
		A6284D171B105E5600EFF820 /* DDXMLDocument.h */ = {isa = PBXFileReference; fileEncoding = 4; lastKnownFileType = sourcecode.c.h; path = DDXMLDocument.h; sourceTree = "<group>"; };
		A6284D181B105E5600EFF820 /* DDXMLDocument.m */ = {isa = PBXFileReference; fileEncoding = 4; lastKnownFileType = sourcecode.c.objc; path = DDXMLDocument.m; sourceTree = "<group>"; };
		A6284D191B105E5600EFF820 /* DDXMLElement.h */ = {isa = PBXFileReference; fileEncoding = 4; lastKnownFileType = sourcecode.c.h; path = DDXMLElement.h; sourceTree = "<group>"; };
		A6284D1A1B105E5600EFF820 /* DDXMLElement.m */ = {isa = PBXFileReference; fileEncoding = 4; lastKnownFileType = sourcecode.c.objc; path = DDXMLElement.m; sourceTree = "<group>"; };
		A6284D1B1B105E5600EFF820 /* DDXMLNode.h */ = {isa = PBXFileReference; fileEncoding = 4; lastKnownFileType = sourcecode.c.h; path = DDXMLNode.h; sourceTree = "<group>"; };
		A6284D1C1B105E5600EFF820 /* DDXMLNode.m */ = {isa = PBXFileReference; fileEncoding = 4; lastKnownFileType = sourcecode.c.objc; path = DDXMLNode.m; sourceTree = "<group>"; };
		A6284D1E1B105E5600EFF820 /* DDXMLPrivate.h */ = {isa = PBXFileReference; fileEncoding = 4; lastKnownFileType = sourcecode.c.h; path = DDXMLPrivate.h; sourceTree = "<group>"; };
		A6284D201B105E5600EFF820 /* MBProgressHUD.h */ = {isa = PBXFileReference; fileEncoding = 4; lastKnownFileType = sourcecode.c.h; path = MBProgressHUD.h; sourceTree = "<group>"; };
		A6284D211B105E5600EFF820 /* MBProgressHUD.m */ = {isa = PBXFileReference; fileEncoding = 4; lastKnownFileType = sourcecode.c.objc; path = MBProgressHUD.m; sourceTree = "<group>"; };
		A6284D231B105E5600EFF820 /* MJRefresh.bundle */ = {isa = PBXFileReference; lastKnownFileType = "wrapper.plug-in"; path = MJRefresh.bundle; sourceTree = "<group>"; };
		A6284D241B105E5600EFF820 /* MJRefresh.h */ = {isa = PBXFileReference; fileEncoding = 4; lastKnownFileType = sourcecode.c.h; path = MJRefresh.h; sourceTree = "<group>"; };
		A6284D251B105E5600EFF820 /* MJRefreshBaseView.h */ = {isa = PBXFileReference; fileEncoding = 4; lastKnownFileType = sourcecode.c.h; path = MJRefreshBaseView.h; sourceTree = "<group>"; };
		A6284D261B105E5600EFF820 /* MJRefreshBaseView.m */ = {isa = PBXFileReference; fileEncoding = 4; lastKnownFileType = sourcecode.c.objc; path = MJRefreshBaseView.m; sourceTree = "<group>"; };
		A6284D271B105E5600EFF820 /* MJRefreshConst.h */ = {isa = PBXFileReference; fileEncoding = 4; lastKnownFileType = sourcecode.c.h; path = MJRefreshConst.h; sourceTree = "<group>"; };
		A6284D281B105E5600EFF820 /* MJRefreshConst.m */ = {isa = PBXFileReference; fileEncoding = 4; lastKnownFileType = sourcecode.c.objc; path = MJRefreshConst.m; sourceTree = "<group>"; };
		A6284D291B105E5600EFF820 /* MJRefreshFooterView.h */ = {isa = PBXFileReference; fileEncoding = 4; lastKnownFileType = sourcecode.c.h; path = MJRefreshFooterView.h; sourceTree = "<group>"; };
		A6284D2A1B105E5600EFF820 /* MJRefreshFooterView.m */ = {isa = PBXFileReference; fileEncoding = 4; lastKnownFileType = sourcecode.c.objc; path = MJRefreshFooterView.m; sourceTree = "<group>"; };
		A6284D2B1B105E5600EFF820 /* MJRefreshHeaderView.h */ = {isa = PBXFileReference; fileEncoding = 4; lastKnownFileType = sourcecode.c.h; path = MJRefreshHeaderView.h; sourceTree = "<group>"; };
		A6284D2C1B105E5600EFF820 /* MJRefreshHeaderView.m */ = {isa = PBXFileReference; fileEncoding = 4; lastKnownFileType = sourcecode.c.objc; path = MJRefreshHeaderView.m; sourceTree = "<group>"; };
		A6284D2D1B105E5600EFF820 /* UIScrollView+MJExtension.h */ = {isa = PBXFileReference; fileEncoding = 4; lastKnownFileType = sourcecode.c.h; path = "UIScrollView+MJExtension.h"; sourceTree = "<group>"; };
		A6284D2E1B105E5600EFF820 /* UIScrollView+MJExtension.m */ = {isa = PBXFileReference; fileEncoding = 4; lastKnownFileType = sourcecode.c.objc; path = "UIScrollView+MJExtension.m"; sourceTree = "<group>"; };
		A6284D2F1B105E5600EFF820 /* UIScrollView+MJRefresh.h */ = {isa = PBXFileReference; fileEncoding = 4; lastKnownFileType = sourcecode.c.h; path = "UIScrollView+MJRefresh.h"; sourceTree = "<group>"; };
		A6284D301B105E5600EFF820 /* UIScrollView+MJRefresh.m */ = {isa = PBXFileReference; fileEncoding = 4; lastKnownFileType = sourcecode.c.objc; path = "UIScrollView+MJRefresh.m"; sourceTree = "<group>"; };
		A6284D311B105E5600EFF820 /* UIView+MJExtension.h */ = {isa = PBXFileReference; fileEncoding = 4; lastKnownFileType = sourcecode.c.h; path = "UIView+MJExtension.h"; sourceTree = "<group>"; };
		A6284D321B105E5600EFF820 /* UIView+MJExtension.m */ = {isa = PBXFileReference; fileEncoding = 4; lastKnownFileType = sourcecode.c.objc; path = "UIView+MJExtension.m"; sourceTree = "<group>"; };
		A6284D341B105E5600EFF820 /* AFNetworkActivityIndicatorManager.h */ = {isa = PBXFileReference; fileEncoding = 4; lastKnownFileType = sourcecode.c.h; path = AFNetworkActivityIndicatorManager.h; sourceTree = "<group>"; };
		A6284D351B105E5600EFF820 /* AFNetworkActivityIndicatorManager.m */ = {isa = PBXFileReference; fileEncoding = 4; lastKnownFileType = sourcecode.c.objc; path = AFNetworkActivityIndicatorManager.m; sourceTree = "<group>"; };
		A6284D361B105E5600EFF820 /* UIActivityIndicatorView+AFNetworking.h */ = {isa = PBXFileReference; fileEncoding = 4; lastKnownFileType = sourcecode.c.h; path = "UIActivityIndicatorView+AFNetworking.h"; sourceTree = "<group>"; };
		A6284D371B105E5600EFF820 /* UIActivityIndicatorView+AFNetworking.m */ = {isa = PBXFileReference; fileEncoding = 4; lastKnownFileType = sourcecode.c.objc; path = "UIActivityIndicatorView+AFNetworking.m"; sourceTree = "<group>"; };
		A6284D381B105E5600EFF820 /* UIAlertView+AFNetworking.h */ = {isa = PBXFileReference; fileEncoding = 4; lastKnownFileType = sourcecode.c.h; path = "UIAlertView+AFNetworking.h"; sourceTree = "<group>"; };
		A6284D391B105E5600EFF820 /* UIAlertView+AFNetworking.m */ = {isa = PBXFileReference; fileEncoding = 4; lastKnownFileType = sourcecode.c.objc; path = "UIAlertView+AFNetworking.m"; sourceTree = "<group>"; };
		A6284D3A1B105E5600EFF820 /* UIButton+AFNetworking.h */ = {isa = PBXFileReference; fileEncoding = 4; lastKnownFileType = sourcecode.c.h; path = "UIButton+AFNetworking.h"; sourceTree = "<group>"; };
		A6284D3B1B105E5600EFF820 /* UIButton+AFNetworking.m */ = {isa = PBXFileReference; fileEncoding = 4; lastKnownFileType = sourcecode.c.objc; path = "UIButton+AFNetworking.m"; sourceTree = "<group>"; };
		A6284D3C1B105E5600EFF820 /* UIImageView+AFNetworking.h */ = {isa = PBXFileReference; fileEncoding = 4; lastKnownFileType = sourcecode.c.h; path = "UIImageView+AFNetworking.h"; sourceTree = "<group>"; };
		A6284D3D1B105E5600EFF820 /* UIImageView+AFNetworking.m */ = {isa = PBXFileReference; fileEncoding = 4; lastKnownFileType = sourcecode.c.objc; path = "UIImageView+AFNetworking.m"; sourceTree = "<group>"; };
		A6284D3E1B105E5600EFF820 /* UIKit+AFNetworking.h */ = {isa = PBXFileReference; fileEncoding = 4; lastKnownFileType = sourcecode.c.h; path = "UIKit+AFNetworking.h"; sourceTree = "<group>"; };
		A6284D3F1B105E5600EFF820 /* UIProgressView+AFNetworking.h */ = {isa = PBXFileReference; fileEncoding = 4; lastKnownFileType = sourcecode.c.h; path = "UIProgressView+AFNetworking.h"; sourceTree = "<group>"; };
		A6284D401B105E5600EFF820 /* UIProgressView+AFNetworking.m */ = {isa = PBXFileReference; fileEncoding = 4; lastKnownFileType = sourcecode.c.objc; path = "UIProgressView+AFNetworking.m"; sourceTree = "<group>"; };
		A6284D411B105E5600EFF820 /* UIRefreshControl+AFNetworking.h */ = {isa = PBXFileReference; fileEncoding = 4; lastKnownFileType = sourcecode.c.h; path = "UIRefreshControl+AFNetworking.h"; sourceTree = "<group>"; };
		A6284D421B105E5600EFF820 /* UIRefreshControl+AFNetworking.m */ = {isa = PBXFileReference; fileEncoding = 4; lastKnownFileType = sourcecode.c.objc; path = "UIRefreshControl+AFNetworking.m"; sourceTree = "<group>"; };
		A6284D431B105E5600EFF820 /* UIWebView+AFNetworking.h */ = {isa = PBXFileReference; fileEncoding = 4; lastKnownFileType = sourcecode.c.h; path = "UIWebView+AFNetworking.h"; sourceTree = "<group>"; };
		A6284D441B105E5600EFF820 /* UIWebView+AFNetworking.m */ = {isa = PBXFileReference; fileEncoding = 4; lastKnownFileType = sourcecode.c.objc; path = "UIWebView+AFNetworking.m"; sourceTree = "<group>"; };
		A6284D651B105E6600EFF820 /* BaseVC.h */ = {isa = PBXFileReference; fileEncoding = 4; lastKnownFileType = sourcecode.c.h; path = BaseVC.h; sourceTree = "<group>"; };
		A6284D661B105E6600EFF820 /* BaseVC.m */ = {isa = PBXFileReference; fileEncoding = 4; lastKnownFileType = sourcecode.c.objc; path = BaseVC.m; sourceTree = "<group>"; };
		A6284D751B105F0100EFF820 /* libxml2.dylib */ = {isa = PBXFileReference; lastKnownFileType = "compiled.mach-o.dylib"; name = libxml2.dylib; path = usr/lib/libxml2.dylib; sourceTree = SDKROOT; };
		A6284D771B105F9500EFF820 /* UIFactory.h */ = {isa = PBXFileReference; fileEncoding = 4; lastKnownFileType = sourcecode.c.h; path = UIFactory.h; sourceTree = "<group>"; };
		A6284D781B105F9500EFF820 /* UIFactory.m */ = {isa = PBXFileReference; fileEncoding = 4; lastKnownFileType = sourcecode.c.objc; path = UIFactory.m; sourceTree = "<group>"; };
		A6284D7B1B10615200EFF820 /* nav_backButtonBg.png */ = {isa = PBXFileReference; lastKnownFileType = image.png; path = nav_backButtonBg.png; sourceTree = "<group>"; };
		A6284D851B10652700EFF820 /* tab_home@2x.png */ = {isa = PBXFileReference; lastKnownFileType = image.png; path = "tab_home@2x.png"; sourceTree = "<group>"; };
		A6284D861B10652700EFF820 /* tab_activity@2x.png */ = {isa = PBXFileReference; lastKnownFileType = image.png; path = "tab_activity@2x.png"; sourceTree = "<group>"; };
		A6284D871B10652700EFF820 /* tab_course@2x.png */ = {isa = PBXFileReference; lastKnownFileType = image.png; path = "tab_course@2x.png"; sourceTree = "<group>"; };
		A6284D881B10652700EFF820 /* tab_setting@2x.png */ = {isa = PBXFileReference; lastKnownFileType = image.png; path = "tab_setting@2x.png"; sourceTree = "<group>"; };
		A6284D8D1B10668300EFF820 /* HomeVC.h */ = {isa = PBXFileReference; fileEncoding = 4; lastKnownFileType = sourcecode.c.h; path = HomeVC.h; sourceTree = "<group>"; };
		A6284D8E1B10668300EFF820 /* HomeVC.m */ = {isa = PBXFileReference; fileEncoding = 4; lastKnownFileType = sourcecode.c.objc; path = HomeVC.m; sourceTree = "<group>"; };
		A6284D901B10669200EFF820 /* CourseVC.h */ = {isa = PBXFileReference; fileEncoding = 4; lastKnownFileType = sourcecode.c.h; path = CourseVC.h; sourceTree = "<group>"; };
		A6284D911B10669200EFF820 /* CourseVC.m */ = {isa = PBXFileReference; fileEncoding = 4; lastKnownFileType = sourcecode.c.objc; path = CourseVC.m; sourceTree = "<group>"; };
		A6284D931B1066CC00EFF820 /* ActivityVC.h */ = {isa = PBXFileReference; fileEncoding = 4; lastKnownFileType = sourcecode.c.h; path = ActivityVC.h; sourceTree = "<group>"; };
		A6284D941B1066CC00EFF820 /* ActivityVC.m */ = {isa = PBXFileReference; fileEncoding = 4; lastKnownFileType = sourcecode.c.objc; path = ActivityVC.m; sourceTree = "<group>"; };
		A6284D961B1066DE00EFF820 /* SettingVC.h */ = {isa = PBXFileReference; fileEncoding = 4; lastKnownFileType = sourcecode.c.h; path = SettingVC.h; sourceTree = "<group>"; };
		A6284D971B1066DE00EFF820 /* SettingVC.m */ = {isa = PBXFileReference; fileEncoding = 4; lastKnownFileType = sourcecode.c.objc; path = SettingVC.m; sourceTree = "<group>"; };
		A6284D991B1067C100EFF820 /* LoginVC.h */ = {isa = PBXFileReference; fileEncoding = 4; lastKnownFileType = sourcecode.c.h; path = LoginVC.h; sourceTree = "<group>"; };
		A6284D9A1B1067C100EFF820 /* LoginVC.m */ = {isa = PBXFileReference; fileEncoding = 4; lastKnownFileType = sourcecode.c.objc; path = LoginVC.m; sourceTree = "<group>"; };
		A6284D9B1B1067C100EFF820 /* LoginVC.xib */ = {isa = PBXFileReference; fileEncoding = 4; lastKnownFileType = file.xib; path = LoginVC.xib; sourceTree = "<group>"; };
/* End PBXFileReference section */

/* Begin PBXFrameworksBuildPhase section */
		A6284CC61B10592100EFF820 /* Frameworks */ = {
			isa = PBXFrameworksBuildPhase;
			buildActionMask = 2147483647;
			files = (
				A6284D761B105F0100EFF820 /* libxml2.dylib in Frameworks */,
			);
			runOnlyForDeploymentPostprocessing = 0;
		};
		A6284CDF1B10592100EFF820 /* Frameworks */ = {
			isa = PBXFrameworksBuildPhase;
			buildActionMask = 2147483647;
			files = (
			);
			runOnlyForDeploymentPostprocessing = 0;
		};
/* End PBXFrameworksBuildPhase section */

/* Begin PBXGroup section */
		090604721B14171C0038BAC4 /* MoreSetting */ = {
			isa = PBXGroup;
			children = (
				090604731B14174F0038BAC4 /* MoreSettingVC.h */,
				090604741B14174F0038BAC4 /* MoreSettingVC.m */,
				090604761B1420FD0038BAC4 /* UserProblemsVC.h */,
				090604771B1420FD0038BAC4 /* UserProblemsVC.m */,
				090604791B14218A0038BAC4 /* UserProtocolVC.h */,
				0906047A1B14218A0038BAC4 /* UserProtocolVC.m */,
				0906047C1B1421B60038BAC4 /* AboutVC.h */,
				0906047D1B1421B60038BAC4 /* AboutVC.m */,
			);
			path = MoreSetting;
			sourceTree = "<group>";
		};
		09CBFE821B156C4E000C401D /* PersonInfo */ = {
			isa = PBXGroup;
			children = (
				09CBFE8C1B1572FD000C401D /* PersonInfoVC.h */,
				09CBFE8D1B1572FD000C401D /* PersonInfoVC.m */,
				09CBFE8F1B157417000C401D /* PersonImageTVC.h */,
				09CBFE901B157417000C401D /* PersonImageTVC.m */,
				0979906A1B1712D800D4A8DC /* ChangePassWordVC.h */,
				0979906B1B1712D800D4A8DC /* ChangePassWordVC.m */,
				0979906C1B1712D800D4A8DC /* ChangePassWordVC.xib */,
			);
			name = PersonInfo;
			sourceTree = "<group>";
		};
		09DB2DB61B1322800078AAF5 /* Common */ = {
			isa = PBXGroup;
			children = (
				09DB2DB71B1322800078AAF5 /* nav_back.png */,
				09DB2DB81B1322800078AAF5 /* s_phone.png */,
			);
			path = Common;
			sourceTree = "<group>";
		};
		09DB2DBB1B13228B0078AAF5 /* Home */ = {
			isa = PBXGroup;
			children = (
				09DB2DBC1B13228B0078AAF5 /* join_05.png */,
				09DB2DBD1B13228B0078AAF5 /* join_06.png */,
			);
			path = Home;
			sourceTree = "<group>";
		};
		09DB2DC01B1322980078AAF5 /* Login */ = {
			isa = PBXGroup;
			children = (
				09DB2DC11B1322980078AAF5 /* icon_time.png */,
				09DB2DC21B1322980078AAF5 /* join_07.png */,
			);
			path = Login;
			sourceTree = "<group>";
		};
		09DB2DC51B1322A30078AAF5 /* Setting */ = {
			isa = PBXGroup;
			children = (
				09DB2DC61B1322A30078AAF5 /* mybgpic@2x.png */,
				09DB2DC71B1322A30078AAF5 /* people_ayb.png */,
			);
			path = Setting;
			sourceTree = "<group>";
		};
		09DB2DCA1B1322AF0078AAF5 /* Activity */ = {
			isa = PBXGroup;
			children = (
				09DB2DCB1B1322AF0078AAF5 /* accountDetail03@2x.png */,
				09DB2DCC1B1322AF0078AAF5 /* accountDetail04@2x.png */,
			);
			path = Activity;
			sourceTree = "<group>";
		};
		09DB2DCF1B1322CC0078AAF5 /* Course */ = {
			isa = PBXGroup;
			children = (
				09DB2DD01B1322CC0078AAF5 /* star_select.png */,
				09DB2DD11B1322CC0078AAF5 /* yue.png */,
			);
			path = Course;
			sourceTree = "<group>";
		};
		A6284CC01B10592100EFF820 = {
			isa = PBXGroup;
			children = (
				A6284D751B105F0100EFF820 /* libxml2.dylib */,
				A6284CF21B105E5600EFF820 /* AppConfig */,
				A6284CF61B105E5600EFF820 /* Common */,
				A6284CFA1B105E5600EFF820 /* ThirdPart */,
				A6284CCB1B10592100EFF820 /* XEEnglish */,
				A6284CE51B10592100EFF820 /* XEEnglishTests */,
				A6284CCA1B10592100EFF820 /* Products */,
			);
			sourceTree = "<group>";
		};
		A6284CCA1B10592100EFF820 /* Products */ = {
			isa = PBXGroup;
			children = (
				A6284CC91B10592100EFF820 /* XEEnglish.app */,
				A6284CE21B10592100EFF820 /* XEEnglishTests.xctest */,
			);
			name = Products;
			sourceTree = "<group>";
		};
		A6284CCB1B10592100EFF820 /* XEEnglish */ = {
			isa = PBXGroup;
			children = (
				A6284CD01B10592100EFF820 /* AppDelegate.h */,
				A6284CD11B10592100EFF820 /* AppDelegate.m */,
				A6284CD61B10592100EFF820 /* Main.storyboard */,
				A6284CD91B10592100EFF820 /* Images.xcassets */,
				A6284D641B105E6600EFF820 /* BaseClass */,
				A6284D671B105E6600EFF820 /* ExpendCalss */,
				A6284CCC1B10592100EFF820 /* Supporting Files */,
			);
			path = XEEnglish;
			sourceTree = "<group>";
		};
		A6284CCC1B10592100EFF820 /* Supporting Files */ = {
			isa = PBXGroup;
			children = (
				A6284D6E1B105EC300EFF820 /* Res */,
				A6284CCD1B10592100EFF820 /* Info.plist */,
				A6284CCE1B10592100EFF820 /* main.m */,
			);
			name = "Supporting Files";
			sourceTree = "<group>";
		};
		A6284CE51B10592100EFF820 /* XEEnglishTests */ = {
			isa = PBXGroup;
			children = (
				A6284CE81B10592100EFF820 /* XEEnglishTests.m */,
				A6284CE61B10592100EFF820 /* Supporting Files */,
			);
			path = XEEnglishTests;
			sourceTree = "<group>";
		};
		A6284CE61B10592100EFF820 /* Supporting Files */ = {
			isa = PBXGroup;
			children = (
				A6284CE71B10592100EFF820 /* Info.plist */,
			);
			name = "Supporting Files";
			sourceTree = "<group>";
		};
		A6284CF21B105E5600EFF820 /* AppConfig */ = {
			isa = PBXGroup;
			children = (
				A6284CF31B105E5600EFF820 /* AppConfig.h */,
				A6284CF41B105E5600EFF820 /* AppCore.h */,
				A6284CF51B105E5600EFF820 /* AppMacros.h */,
			);
			path = AppConfig;
			sourceTree = "<group>";
		};
		A6284CF61B105E5600EFF820 /* Common */ = {
			isa = PBXGroup;
			children = (
				A6284CF71B105E5600EFF820 /* Global */,
				A6284CF81B105E5600EFF820 /* Utils */,
				A6284CF91B105E5600EFF820 /* WebService */,
			);
			path = Common;
			sourceTree = "<group>";
		};
		A6284CF71B105E5600EFF820 /* Global */ = {
			isa = PBXGroup;
			children = (
				A6284D771B105F9500EFF820 /* UIFactory.h */,
				A6284D781B105F9500EFF820 /* UIFactory.m */,
			);
			path = Global;
			sourceTree = "<group>";
		};
		A6284CF81B105E5600EFF820 /* Utils */ = {
			isa = PBXGroup;
			children = (
			);
			path = Utils;
			sourceTree = "<group>";
		};
		A6284CF91B105E5600EFF820 /* WebService */ = {
			isa = PBXGroup;
			children = (
			);
			path = WebService;
			sourceTree = "<group>";
		};
		A6284CFA1B105E5600EFF820 /* ThirdPart */ = {
			isa = PBXGroup;
			children = (
				A6284CFB1B105E5600EFF820 /* AFNetworking */,
				A6284D0F1B105E5600EFF820 /* KissXML */,
				A6284D1F1B105E5600EFF820 /* MBProgressHUD */,
				A6284D221B105E5600EFF820 /* MJRefresh */,
				A6284D331B105E5600EFF820 /* UIKit+AFNetworking */,
			);
			path = ThirdPart;
			sourceTree = "<group>";
		};
		A6284CFB1B105E5600EFF820 /* AFNetworking */ = {
			isa = PBXGroup;
			children = (
				A6284CFC1B105E5600EFF820 /* AFHTTPRequestOperation.h */,
				A6284CFD1B105E5600EFF820 /* AFHTTPRequestOperation.m */,
				A6284CFE1B105E5600EFF820 /* AFHTTPRequestOperationManager.h */,
				A6284CFF1B105E5600EFF820 /* AFHTTPRequestOperationManager.m */,
				A6284D001B105E5600EFF820 /* AFHTTPSessionManager.h */,
				A6284D011B105E5600EFF820 /* AFHTTPSessionManager.m */,
				A6284D021B105E5600EFF820 /* AFNetworking.h */,
				A6284D031B105E5600EFF820 /* AFNetworkReachabilityManager.h */,
				A6284D041B105E5600EFF820 /* AFNetworkReachabilityManager.m */,
				A6284D051B105E5600EFF820 /* AFSecurityPolicy.h */,
				A6284D061B105E5600EFF820 /* AFSecurityPolicy.m */,
				A6284D071B105E5600EFF820 /* AFURLConnectionOperation.h */,
				A6284D081B105E5600EFF820 /* AFURLConnectionOperation.m */,
				A6284D091B105E5600EFF820 /* AFURLRequestSerialization.h */,
				A6284D0A1B105E5600EFF820 /* AFURLRequestSerialization.m */,
				A6284D0B1B105E5600EFF820 /* AFURLResponseSerialization.h */,
				A6284D0C1B105E5600EFF820 /* AFURLResponseSerialization.m */,
				A6284D0D1B105E5600EFF820 /* AFURLSessionManager.h */,
				A6284D0E1B105E5600EFF820 /* AFURLSessionManager.m */,
			);
			path = AFNetworking;
			sourceTree = "<group>";
		};
		A6284D0F1B105E5600EFF820 /* KissXML */ = {
			isa = PBXGroup;
			children = (
				A6284D101B105E5600EFF820 /* Additions */,
				A6284D131B105E5600EFF820 /* Categories */,
				A6284D161B105E5600EFF820 /* DDXML.h */,
				A6284D171B105E5600EFF820 /* DDXMLDocument.h */,
				A6284D181B105E5600EFF820 /* DDXMLDocument.m */,
				A6284D191B105E5600EFF820 /* DDXMLElement.h */,
				A6284D1A1B105E5600EFF820 /* DDXMLElement.m */,
				A6284D1B1B105E5600EFF820 /* DDXMLNode.h */,
				A6284D1C1B105E5600EFF820 /* DDXMLNode.m */,
				A6284D1D1B105E5600EFF820 /* Private */,
			);
			path = KissXML;
			sourceTree = "<group>";
		};
		A6284D101B105E5600EFF820 /* Additions */ = {
			isa = PBXGroup;
			children = (
				A6284D111B105E5600EFF820 /* DDXMLElementAdditions.h */,
				A6284D121B105E5600EFF820 /* DDXMLElementAdditions.m */,
			);
			path = Additions;
			sourceTree = "<group>";
		};
		A6284D131B105E5600EFF820 /* Categories */ = {
			isa = PBXGroup;
			children = (
				A6284D141B105E5600EFF820 /* NSString+DDXML.h */,
				A6284D151B105E5600EFF820 /* NSString+DDXML.m */,
			);
			path = Categories;
			sourceTree = "<group>";
		};
		A6284D1D1B105E5600EFF820 /* Private */ = {
			isa = PBXGroup;
			children = (
				A6284D1E1B105E5600EFF820 /* DDXMLPrivate.h */,
			);
			path = Private;
			sourceTree = "<group>";
		};
		A6284D1F1B105E5600EFF820 /* MBProgressHUD */ = {
			isa = PBXGroup;
			children = (
				A6284D201B105E5600EFF820 /* MBProgressHUD.h */,
				A6284D211B105E5600EFF820 /* MBProgressHUD.m */,
			);
			path = MBProgressHUD;
			sourceTree = "<group>";
		};
		A6284D221B105E5600EFF820 /* MJRefresh */ = {
			isa = PBXGroup;
			children = (
				A6284D231B105E5600EFF820 /* MJRefresh.bundle */,
				A6284D241B105E5600EFF820 /* MJRefresh.h */,
				A6284D251B105E5600EFF820 /* MJRefreshBaseView.h */,
				A6284D261B105E5600EFF820 /* MJRefreshBaseView.m */,
				A6284D271B105E5600EFF820 /* MJRefreshConst.h */,
				A6284D281B105E5600EFF820 /* MJRefreshConst.m */,
				A6284D291B105E5600EFF820 /* MJRefreshFooterView.h */,
				A6284D2A1B105E5600EFF820 /* MJRefreshFooterView.m */,
				A6284D2B1B105E5600EFF820 /* MJRefreshHeaderView.h */,
				A6284D2C1B105E5600EFF820 /* MJRefreshHeaderView.m */,
				A6284D2D1B105E5600EFF820 /* UIScrollView+MJExtension.h */,
				A6284D2E1B105E5600EFF820 /* UIScrollView+MJExtension.m */,
				A6284D2F1B105E5600EFF820 /* UIScrollView+MJRefresh.h */,
				A6284D301B105E5600EFF820 /* UIScrollView+MJRefresh.m */,
				A6284D311B105E5600EFF820 /* UIView+MJExtension.h */,
				A6284D321B105E5600EFF820 /* UIView+MJExtension.m */,
			);
			path = MJRefresh;
			sourceTree = "<group>";
		};
		A6284D331B105E5600EFF820 /* UIKit+AFNetworking */ = {
			isa = PBXGroup;
			children = (
				A6284D341B105E5600EFF820 /* AFNetworkActivityIndicatorManager.h */,
				A6284D351B105E5600EFF820 /* AFNetworkActivityIndicatorManager.m */,
				A6284D361B105E5600EFF820 /* UIActivityIndicatorView+AFNetworking.h */,
				A6284D371B105E5600EFF820 /* UIActivityIndicatorView+AFNetworking.m */,
				A6284D381B105E5600EFF820 /* UIAlertView+AFNetworking.h */,
				A6284D391B105E5600EFF820 /* UIAlertView+AFNetworking.m */,
				A6284D3A1B105E5600EFF820 /* UIButton+AFNetworking.h */,
				A6284D3B1B105E5600EFF820 /* UIButton+AFNetworking.m */,
				A6284D3C1B105E5600EFF820 /* UIImageView+AFNetworking.h */,
				A6284D3D1B105E5600EFF820 /* UIImageView+AFNetworking.m */,
				A6284D3E1B105E5600EFF820 /* UIKit+AFNetworking.h */,
				A6284D3F1B105E5600EFF820 /* UIProgressView+AFNetworking.h */,
				A6284D401B105E5600EFF820 /* UIProgressView+AFNetworking.m */,
				A6284D411B105E5600EFF820 /* UIRefreshControl+AFNetworking.h */,
				A6284D421B105E5600EFF820 /* UIRefreshControl+AFNetworking.m */,
				A6284D431B105E5600EFF820 /* UIWebView+AFNetworking.h */,
				A6284D441B105E5600EFF820 /* UIWebView+AFNetworking.m */,
			);
			path = "UIKit+AFNetworking";
			sourceTree = "<group>";
		};
		A6284D641B105E6600EFF820 /* BaseClass */ = {
			isa = PBXGroup;
			children = (
				A6284D651B105E6600EFF820 /* BaseVC.h */,
				A6284D661B105E6600EFF820 /* BaseVC.m */,
				09D450AF1B1078AB00B39B4A /* BaseTVC.h */,
				09D450B01B1078AB00B39B4A /* BaseTVC.m */,
			);
			path = BaseClass;
			sourceTree = "<group>";
		};
		A6284D671B105E6600EFF820 /* ExpendCalss */ = {
			isa = PBXGroup;
			children = (
				A6284D6B1B105E6600EFF820 /* Login */,
				A6284D6A1B105E6600EFF820 /* Home */,
				A6284D691B105E6600EFF820 /* Course */,
				A6284D681B105E6600EFF820 /* Activity */,
				A6284D6C1B105E6600EFF820 /* Setting */,
			);
			path = ExpendCalss;
			sourceTree = "<group>";
		};
		A6284D681B105E6600EFF820 /* Activity */ = {
			isa = PBXGroup;
			children = (
				A6284D931B1066CC00EFF820 /* ActivityVC.h */,
				A6284D941B1066CC00EFF820 /* ActivityVC.m */,
			);
			path = Activity;
			sourceTree = "<group>";
		};
		A6284D691B105E6600EFF820 /* Course */ = {
			isa = PBXGroup;
			children = (
				A6284D901B10669200EFF820 /* CourseVC.h */,
				A6284D911B10669200EFF820 /* CourseVC.m */,
			);
			path = Course;
			sourceTree = "<group>";
		};
		A6284D6A1B105E6600EFF820 /* Home */ = {
			isa = PBXGroup;
			children = (
				A6284D8D1B10668300EFF820 /* HomeVC.h */,
				A6284D8E1B10668300EFF820 /* HomeVC.m */,
			);
			path = Home;
			sourceTree = "<group>";
		};
		A6284D6B1B105E6600EFF820 /* Login */ = {
			isa = PBXGroup;
			children = (
				A6284D991B1067C100EFF820 /* LoginVC.h */,
				A6284D9A1B1067C100EFF820 /* LoginVC.m */,
				A6284D9B1B1067C100EFF820 /* LoginVC.xib */,
				09DB2DB11B1312F80078AAF5 /* PhoneLoginVC.h */,
				09DB2DB21B1312F80078AAF5 /* PhoneLoginVC.m */,
				09DB2DB31B1312F80078AAF5 /* PhoneLoginVC.xib */,
				090604821B146B050038BAC4 /* CountdownButton.h */,
				090604831B146B050038BAC4 /* CountdownButton.m */,
				097990651B17006600D4A8DC /* ResetPassWordVC.h */,
				097990661B17006600D4A8DC /* ResetPassWordVC.m */,
				097990671B17006600D4A8DC /* ResetPassWordVC.xib */,
			);
			path = Login;
			sourceTree = "<group>";
		};
		A6284D6C1B105E6600EFF820 /* Setting */ = {
			isa = PBXGroup;
			children = (
				A6284D961B1066DE00EFF820 /* SettingVC.h */,
				A6284D971B1066DE00EFF820 /* SettingVC.m */,
				09D450AC1B10786800B39B4A /* MyAccountTVC.h */,
				09D450AD1B10786800B39B4A /* MyAccountTVC.m */,
				0906046D1B140A5E0038BAC4 /* FeedBackVC.h */,
				0906046E1B140A5E0038BAC4 /* FeedBackVC.m */,
				0906046F1B140A5E0038BAC4 /* FeedBackVC.xib */,
				09CBFE821B156C4E000C401D /* PersonInfo */,
				090604721B14171C0038BAC4 /* MoreSetting */,
			);
			path = Setting;
			sourceTree = "<group>";
		};
		A6284D6E1B105EC300EFF820 /* Res */ = {
			isa = PBXGroup;
			children = (
				09DB2DCF1B1322CC0078AAF5 /* Course */,
				09DB2DCA1B1322AF0078AAF5 /* Activity */,
				09DB2DC51B1322A30078AAF5 /* Setting */,
				09DB2DC01B1322980078AAF5 /* Login */,
				09DB2DBB1B13228B0078AAF5 /* Home */,
				09DB2DB61B1322800078AAF5 /* Common */,
				A6284D7A1B10614600EFF820 /* Tab_Nav */,
			);
			path = Res;
			sourceTree = "<group>";
		};
		A6284D7A1B10614600EFF820 /* Tab_Nav */ = {
			isa = PBXGroup;
			children = (
				A6284D851B10652700EFF820 /* tab_home@2x.png */,
				A6284D861B10652700EFF820 /* tab_activity@2x.png */,
				A6284D871B10652700EFF820 /* tab_course@2x.png */,
				A6284D881B10652700EFF820 /* tab_setting@2x.png */,
				A6284D7B1B10615200EFF820 /* nav_backButtonBg.png */,
			);
			path = Tab_Nav;
			sourceTree = "<group>";
		};
/* End PBXGroup section */

/* Begin PBXNativeTarget section */
		A6284CC81B10592100EFF820 /* XEEnglish */ = {
			isa = PBXNativeTarget;
			buildConfigurationList = A6284CEC1B10592100EFF820 /* Build configuration list for PBXNativeTarget "XEEnglish" */;
			buildPhases = (
				A6284CC51B10592100EFF820 /* Sources */,
				A6284CC61B10592100EFF820 /* Frameworks */,
				A6284CC71B10592100EFF820 /* Resources */,
			);
			buildRules = (
			);
			dependencies = (
			);
			name = XEEnglish;
			productName = XEEnglish;
			productReference = A6284CC91B10592100EFF820 /* XEEnglish.app */;
			productType = "com.apple.product-type.application";
		};
		A6284CE11B10592100EFF820 /* XEEnglishTests */ = {
			isa = PBXNativeTarget;
			buildConfigurationList = A6284CEF1B10592100EFF820 /* Build configuration list for PBXNativeTarget "XEEnglishTests" */;
			buildPhases = (
				A6284CDE1B10592100EFF820 /* Sources */,
				A6284CDF1B10592100EFF820 /* Frameworks */,
				A6284CE01B10592100EFF820 /* Resources */,
			);
			buildRules = (
			);
			dependencies = (
				A6284CE41B10592100EFF820 /* PBXTargetDependency */,
			);
			name = XEEnglishTests;
			productName = XEEnglishTests;
			productReference = A6284CE21B10592100EFF820 /* XEEnglishTests.xctest */;
			productType = "com.apple.product-type.bundle.unit-test";
		};
/* End PBXNativeTarget section */

/* Begin PBXProject section */
		A6284CC11B10592100EFF820 /* Project object */ = {
			isa = PBXProject;
			attributes = {
				LastUpgradeCheck = 0620;
				ORGANIZATIONNAME = lixiang;
				TargetAttributes = {
					A6284CC81B10592100EFF820 = {
						CreatedOnToolsVersion = 6.2;
					};
					A6284CE11B10592100EFF820 = {
						CreatedOnToolsVersion = 6.2;
						TestTargetID = A6284CC81B10592100EFF820;
					};
				};
			};
			buildConfigurationList = A6284CC41B10592100EFF820 /* Build configuration list for PBXProject "XEEnglish" */;
			compatibilityVersion = "Xcode 3.2";
			developmentRegion = English;
			hasScannedForEncodings = 0;
			knownRegions = (
				en,
				Base,
			);
			mainGroup = A6284CC01B10592100EFF820;
			productRefGroup = A6284CCA1B10592100EFF820 /* Products */;
			projectDirPath = "";
			projectRoot = "";
			targets = (
				A6284CC81B10592100EFF820 /* XEEnglish */,
				A6284CE11B10592100EFF820 /* XEEnglishTests */,
			);
		};
/* End PBXProject section */

/* Begin PBXResourcesBuildPhase section */
		A6284CC71B10592100EFF820 /* Resources */ = {
			isa = PBXResourcesBuildPhase;
			buildActionMask = 2147483647;
			files = (
				A6284D8A1B10652700EFF820 /* tab_activity@2x.png in Resources */,
				A6284D8C1B10652700EFF820 /* tab_setting@2x.png in Resources */,
				09DB2DBA1B1322800078AAF5 /* s_phone.png in Resources */,
				A6284D891B10652700EFF820 /* tab_home@2x.png in Resources */,
				09DB2DC41B1322980078AAF5 /* join_07.png in Resources */,
				0979906E1B1712D800D4A8DC /* ChangePassWordVC.xib in Resources */,
				09DB2DB51B1312F80078AAF5 /* PhoneLoginVC.xib in Resources */,
				A6284CD81B10592100EFF820 /* Main.storyboard in Resources */,
				09DB2DCE1B1322AF0078AAF5 /* accountDetail04@2x.png in Resources */,
				09DB2DC31B1322980078AAF5 /* icon_time.png in Resources */,
				09DB2DD21B1322CC0078AAF5 /* star_select.png in Resources */,
				A6284D8B1B10652700EFF820 /* tab_course@2x.png in Resources */,
				A6284D7C1B10615200EFF820 /* nav_backButtonBg.png in Resources */,
				09DB2DCD1B1322AF0078AAF5 /* accountDetail03@2x.png in Resources */,
				A6284D9D1B1067C100EFF820 /* LoginVC.xib in Resources */,
				09DB2DC91B1322A30078AAF5 /* people_ayb.png in Resources */,
				09DB2DBF1B13228B0078AAF5 /* join_06.png in Resources */,
				A6284CDA1B10592100EFF820 /* Images.xcassets in Resources */,
				090604711B140A5E0038BAC4 /* FeedBackVC.xib in Resources */,
				09DB2DBE1B13228B0078AAF5 /* join_05.png in Resources */,
				097990691B17006600D4A8DC /* ResetPassWordVC.xib in Resources */,
				09DB2DC81B1322A30078AAF5 /* mybgpic@2x.png in Resources */,
				09DB2DB91B1322800078AAF5 /* nav_back.png in Resources */,
				A6284D541B105E5600EFF820 /* MJRefresh.bundle in Resources */,
				09DB2DD31B1322CC0078AAF5 /* yue.png in Resources */,
			);
			runOnlyForDeploymentPostprocessing = 0;
		};
		A6284CE01B10592100EFF820 /* Resources */ = {
			isa = PBXResourcesBuildPhase;
			buildActionMask = 2147483647;
			files = (
			);
			runOnlyForDeploymentPostprocessing = 0;
		};
/* End PBXResourcesBuildPhase section */

/* Begin PBXSourcesBuildPhase section */
		A6284CC51B10592100EFF820 /* Sources */ = {
			isa = PBXSourcesBuildPhase;
			buildActionMask = 2147483647;
			files = (
				A6284D791B105F9500EFF820 /* UIFactory.m in Sources */,
				0906047B1B14218A0038BAC4 /* UserProtocolVC.m in Sources */,
				09D450AE1B10786800B39B4A /* MyAccountTVC.m in Sources */,
				A6284D4B1B105E5600EFF820 /* AFURLRequestSerialization.m in Sources */,
				A6284D4A1B105E5600EFF820 /* AFURLConnectionOperation.m in Sources */,
				A6284D8F1B10668300EFF820 /* HomeVC.m in Sources */,
				A6284D921B10669200EFF820 /* CourseVC.m in Sources */,
				0979906D1B1712D800D4A8DC /* ChangePassWordVC.m in Sources */,
				A6284D5F1B105E5600EFF820 /* UIButton+AFNetworking.m in Sources */,
				A6284D491B105E5600EFF820 /* AFSecurityPolicy.m in Sources */,
				097990681B17006600D4A8DC /* ResetPassWordVC.m in Sources */,
				A6284D631B105E5600EFF820 /* UIWebView+AFNetworking.m in Sources */,
				A6284D611B105E5600EFF820 /* UIProgressView+AFNetworking.m in Sources */,
				A6284D561B105E5600EFF820 /* MJRefreshConst.m in Sources */,
				A6284D451B105E5600EFF820 /* AFHTTPRequestOperation.m in Sources */,
				A6284D601B105E5600EFF820 /* UIImageView+AFNetworking.m in Sources */,
				A6284D501B105E5600EFF820 /* DDXMLDocument.m in Sources */,
				A6284D521B105E5600EFF820 /* DDXMLNode.m in Sources */,
				A6284D9C1B1067C100EFF820 /* LoginVC.m in Sources */,
				A6284D5B1B105E5600EFF820 /* UIView+MJExtension.m in Sources */,
				A6284D551B105E5600EFF820 /* MJRefreshBaseView.m in Sources */,
				A6284D591B105E5600EFF820 /* UIScrollView+MJExtension.m in Sources */,
				A6284D981B1066DE00EFF820 /* SettingVC.m in Sources */,
				090604751B14174F0038BAC4 /* MoreSettingVC.m in Sources */,
				A6284D4D1B105E5600EFF820 /* AFURLSessionManager.m in Sources */,
				A6284D581B105E5600EFF820 /* MJRefreshHeaderView.m in Sources */,
				A6284D5D1B105E5600EFF820 /* UIActivityIndicatorView+AFNetworking.m in Sources */,
				A6284D531B105E5600EFF820 /* MBProgressHUD.m in Sources */,
				A6284D4F1B105E5600EFF820 /* NSString+DDXML.m in Sources */,
				A6284D4C1B105E5600EFF820 /* AFURLResponseSerialization.m in Sources */,
				A6284D571B105E5600EFF820 /* MJRefreshFooterView.m in Sources */,
				09CBFE911B157418000C401D /* PersonImageTVC.m in Sources */,
				A6284D6D1B105E6600EFF820 /* BaseVC.m in Sources */,
				A6284D511B105E5600EFF820 /* DDXMLElement.m in Sources */,
				A6284CD21B10592100EFF820 /* AppDelegate.m in Sources */,
				A6284D471B105E5600EFF820 /* AFHTTPSessionManager.m in Sources */,
				0906047E1B1421B60038BAC4 /* AboutVC.m in Sources */,
				A6284D5A1B105E5600EFF820 /* UIScrollView+MJRefresh.m in Sources */,
				A6284D621B105E5600EFF820 /* UIRefreshControl+AFNetworking.m in Sources */,
				A6284D5E1B105E5600EFF820 /* UIAlertView+AFNetworking.m in Sources */,
				A6284D4E1B105E5600EFF820 /* DDXMLElementAdditions.m in Sources */,
				A6284D461B105E5600EFF820 /* AFHTTPRequestOperationManager.m in Sources */,
				A6284D951B1066CC00EFF820 /* ActivityVC.m in Sources */,
				A6284D481B105E5600EFF820 /* AFNetworkReachabilityManager.m in Sources */,
				090604841B146B050038BAC4 /* CountdownButton.m in Sources */,
				09D450B11B1078AB00B39B4A /* BaseTVC.m in Sources */,
				A6284CCF1B10592100EFF820 /* main.m in Sources */,
				A6284D5C1B105E5600EFF820 /* AFNetworkActivityIndicatorManager.m in Sources */,
				090604701B140A5E0038BAC4 /* FeedBackVC.m in Sources */,
				09CBFE8E1B1572FD000C401D /* PersonInfoVC.m in Sources */,
				09DB2DB41B1312F80078AAF5 /* PhoneLoginVC.m in Sources */,
				090604781B1420FD0038BAC4 /* UserProblemsVC.m in Sources */,
			);
			runOnlyForDeploymentPostprocessing = 0;
		};
		A6284CDE1B10592100EFF820 /* Sources */ = {
			isa = PBXSourcesBuildPhase;
			buildActionMask = 2147483647;
			files = (
				A6284CE91B10592100EFF820 /* XEEnglishTests.m in Sources */,
			);
			runOnlyForDeploymentPostprocessing = 0;
		};
/* End PBXSourcesBuildPhase section */

/* Begin PBXTargetDependency section */
		A6284CE41B10592100EFF820 /* PBXTargetDependency */ = {
			isa = PBXTargetDependency;
			target = A6284CC81B10592100EFF820 /* XEEnglish */;
			targetProxy = A6284CE31B10592100EFF820 /* PBXContainerItemProxy */;
		};
/* End PBXTargetDependency section */

/* Begin PBXVariantGroup section */
		A6284CD61B10592100EFF820 /* Main.storyboard */ = {
			isa = PBXVariantGroup;
			children = (
				A6284CD71B10592100EFF820 /* Base */,
			);
			name = Main.storyboard;
			sourceTree = "<group>";
		};
/* End PBXVariantGroup section */

/* Begin XCBuildConfiguration section */
		A6284CEA1B10592100EFF820 /* Debug */ = {
			isa = XCBuildConfiguration;
			buildSettings = {
				ALWAYS_SEARCH_USER_PATHS = NO;
				CLANG_CXX_LANGUAGE_STANDARD = "gnu++0x";
				CLANG_CXX_LIBRARY = "libc++";
				CLANG_ENABLE_MODULES = YES;
				CLANG_ENABLE_OBJC_ARC = YES;
				CLANG_WARN_BOOL_CONVERSION = YES;
				CLANG_WARN_CONSTANT_CONVERSION = YES;
				CLANG_WARN_DIRECT_OBJC_ISA_USAGE = YES_ERROR;
				CLANG_WARN_EMPTY_BODY = YES;
				CLANG_WARN_ENUM_CONVERSION = YES;
				CLANG_WARN_INT_CONVERSION = YES;
				CLANG_WARN_OBJC_ROOT_CLASS = YES_ERROR;
				CLANG_WARN_UNREACHABLE_CODE = YES;
				CLANG_WARN__DUPLICATE_METHOD_MATCH = YES;
				"CODE_SIGN_IDENTITY[sdk=iphoneos*]" = "iPhone Developer";
				COPY_PHASE_STRIP = NO;
				ENABLE_STRICT_OBJC_MSGSEND = YES;
				GCC_C_LANGUAGE_STANDARD = gnu99;
				GCC_DYNAMIC_NO_PIC = NO;
				GCC_OPTIMIZATION_LEVEL = 0;
				GCC_PREPROCESSOR_DEFINITIONS = (
					"DEBUG=1",
					"$(inherited)",
				);
				GCC_SYMBOLS_PRIVATE_EXTERN = NO;
				GCC_WARN_64_TO_32_BIT_CONVERSION = YES;
				GCC_WARN_ABOUT_RETURN_TYPE = YES_ERROR;
				GCC_WARN_UNDECLARED_SELECTOR = YES;
				GCC_WARN_UNINITIALIZED_AUTOS = YES_AGGRESSIVE;
				GCC_WARN_UNUSED_FUNCTION = YES;
				GCC_WARN_UNUSED_VARIABLE = YES;
				IPHONEOS_DEPLOYMENT_TARGET = 8.2;
				MTL_ENABLE_DEBUG_INFO = YES;
				ONLY_ACTIVE_ARCH = YES;
				SDKROOT = iphoneos;
			};
			name = Debug;
		};
		A6284CEB1B10592100EFF820 /* Release */ = {
			isa = XCBuildConfiguration;
			buildSettings = {
				ALWAYS_SEARCH_USER_PATHS = NO;
				CLANG_CXX_LANGUAGE_STANDARD = "gnu++0x";
				CLANG_CXX_LIBRARY = "libc++";
				CLANG_ENABLE_MODULES = YES;
				CLANG_ENABLE_OBJC_ARC = YES;
				CLANG_WARN_BOOL_CONVERSION = YES;
				CLANG_WARN_CONSTANT_CONVERSION = YES;
				CLANG_WARN_DIRECT_OBJC_ISA_USAGE = YES_ERROR;
				CLANG_WARN_EMPTY_BODY = YES;
				CLANG_WARN_ENUM_CONVERSION = YES;
				CLANG_WARN_INT_CONVERSION = YES;
				CLANG_WARN_OBJC_ROOT_CLASS = YES_ERROR;
				CLANG_WARN_UNREACHABLE_CODE = YES;
				CLANG_WARN__DUPLICATE_METHOD_MATCH = YES;
				"CODE_SIGN_IDENTITY[sdk=iphoneos*]" = "iPhone Developer";
				COPY_PHASE_STRIP = NO;
				ENABLE_NS_ASSERTIONS = NO;
				ENABLE_STRICT_OBJC_MSGSEND = YES;
				GCC_C_LANGUAGE_STANDARD = gnu99;
				GCC_WARN_64_TO_32_BIT_CONVERSION = YES;
				GCC_WARN_ABOUT_RETURN_TYPE = YES_ERROR;
				GCC_WARN_UNDECLARED_SELECTOR = YES;
				GCC_WARN_UNINITIALIZED_AUTOS = YES_AGGRESSIVE;
				GCC_WARN_UNUSED_FUNCTION = YES;
				GCC_WARN_UNUSED_VARIABLE = YES;
				IPHONEOS_DEPLOYMENT_TARGET = 8.2;
				MTL_ENABLE_DEBUG_INFO = NO;
				SDKROOT = iphoneos;
				VALIDATE_PRODUCT = YES;
			};
			name = Release;
		};
		A6284CED1B10592100EFF820 /* Debug */ = {
			isa = XCBuildConfiguration;
			buildSettings = {
				ASSETCATALOG_COMPILER_APPICON_NAME = AppIcon;
				ASSETCATALOG_COMPILER_LAUNCHIMAGE_NAME = LaunchImage;
				HEADER_SEARCH_PATHS = /usr/include/libxml2;
				INFOPLIST_FILE = XEEnglish/Info.plist;
				IPHONEOS_DEPLOYMENT_TARGET = 7.0;
				LD_RUNPATH_SEARCH_PATHS = "$(inherited) @executable_path/Frameworks";
				PRODUCT_NAME = "$(TARGET_NAME)";
			};
			name = Debug;
		};
		A6284CEE1B10592100EFF820 /* Release */ = {
			isa = XCBuildConfiguration;
			buildSettings = {
				ASSETCATALOG_COMPILER_APPICON_NAME = AppIcon;
				ASSETCATALOG_COMPILER_LAUNCHIMAGE_NAME = LaunchImage;
				HEADER_SEARCH_PATHS = /usr/include/libxml2;
				INFOPLIST_FILE = XEEnglish/Info.plist;
				IPHONEOS_DEPLOYMENT_TARGET = 7.0;
				LD_RUNPATH_SEARCH_PATHS = "$(inherited) @executable_path/Frameworks";
				PRODUCT_NAME = "$(TARGET_NAME)";
			};
			name = Release;
		};
		A6284CF01B10592100EFF820 /* Debug */ = {
			isa = XCBuildConfiguration;
			buildSettings = {
				BUNDLE_LOADER = "$(TEST_HOST)";
				FRAMEWORK_SEARCH_PATHS = (
					"$(SDKROOT)/Developer/Library/Frameworks",
					"$(inherited)",
				);
				GCC_PREPROCESSOR_DEFINITIONS = (
					"DEBUG=1",
					"$(inherited)",
				);
				INFOPLIST_FILE = XEEnglishTests/Info.plist;
				LD_RUNPATH_SEARCH_PATHS = "$(inherited) @executable_path/Frameworks @loader_path/Frameworks";
				PRODUCT_NAME = "$(TARGET_NAME)";
				TEST_HOST = "$(BUILT_PRODUCTS_DIR)/XEEnglish.app/XEEnglish";
			};
			name = Debug;
		};
		A6284CF11B10592100EFF820 /* Release */ = {
			isa = XCBuildConfiguration;
			buildSettings = {
				BUNDLE_LOADER = "$(TEST_HOST)";
				FRAMEWORK_SEARCH_PATHS = (
					"$(SDKROOT)/Developer/Library/Frameworks",
					"$(inherited)",
				);
				INFOPLIST_FILE = XEEnglishTests/Info.plist;
				LD_RUNPATH_SEARCH_PATHS = "$(inherited) @executable_path/Frameworks @loader_path/Frameworks";
				PRODUCT_NAME = "$(TARGET_NAME)";
				TEST_HOST = "$(BUILT_PRODUCTS_DIR)/XEEnglish.app/XEEnglish";
			};
			name = Release;
		};
/* End XCBuildConfiguration section */

/* Begin XCConfigurationList section */
		A6284CC41B10592100EFF820 /* Build configuration list for PBXProject "XEEnglish" */ = {
			isa = XCConfigurationList;
			buildConfigurations = (
				A6284CEA1B10592100EFF820 /* Debug */,
				A6284CEB1B10592100EFF820 /* Release */,
			);
			defaultConfigurationIsVisible = 0;
			defaultConfigurationName = Release;
		};
		A6284CEC1B10592100EFF820 /* Build configuration list for PBXNativeTarget "XEEnglish" */ = {
			isa = XCConfigurationList;
			buildConfigurations = (
				A6284CED1B10592100EFF820 /* Debug */,
				A6284CEE1B10592100EFF820 /* Release */,
			);
			defaultConfigurationIsVisible = 0;
			defaultConfigurationName = Release;
		};
		A6284CEF1B10592100EFF820 /* Build configuration list for PBXNativeTarget "XEEnglishTests" */ = {
			isa = XCConfigurationList;
			buildConfigurations = (
				A6284CF01B10592100EFF820 /* Debug */,
				A6284CF11B10592100EFF820 /* Release */,
			);
			defaultConfigurationIsVisible = 0;
			defaultConfigurationName = Release;
		};
/* End XCConfigurationList section */
	};
	rootObject = A6284CC11B10592100EFF820 /* Project object */;
}
